// !$*UTF8*$!
{
	archiveVersion = 1;
	classes = {
	};
	objectVersion = 77;
	objects = {

/* Begin PBXBuildFile section */
		26AA00010000000000000001 /* BattyKit in Frameworks */ = {isa = PBXBuildFile; productRef = 26AA00010000000000000002 /* BattyKit */; };
/* End PBXBuildFile section */

/* Begin PBXContainerItemProxy section */
		26D543292FAEC4AD00BA9AF8 /* PBXContainerItemProxy */ = {
			isa = PBXContainerItemProxy;
			containerPortal = 26D543132FAEC4AC00BA9AF8 /* Project object */;
			proxyType = 1;
			remoteGlobalIDString = 26D5431A2FAEC4AC00BA9AF8;
			remoteInfo = Batty;
		};
		26D543332FAEC4AD00BA9AF8 /* PBXContainerItemProxy */ = {
			isa = PBXContainerItemProxy;
			containerPortal = 26D543132FAEC4AC00BA9AF8 /* Project object */;
			proxyType = 1;
			remoteGlobalIDString = 26D5431A2FAEC4AC00BA9AF8;
			remoteInfo = Batty;
		};
/* End PBXContainerItemProxy section */

/* Begin PBXFileReference section */
		26863F7A2FBD83D700A3A939 /* Beta.xcconfig */ = {isa = PBXFileReference; lastKnownFileType = text.xcconfig; path = Beta.xcconfig; sourceTree = "<group>"; };
		26863F7B2FBD83D700A3A939 /* Prod.xcconfig */ = {isa = PBXFileReference; lastKnownFileType = text.xcconfig; path = Prod.xcconfig; sourceTree = "<group>"; };
		26A324032FB591FA0088AE9A /* App.xcconfig */ = {isa = PBXFileReference; lastKnownFileType = text.xcconfig; path = App.xcconfig; sourceTree = "<group>"; };
		26A324062FB5943B0088AE9A /* Info.plist */ = {isa = PBXFileReference; lastKnownFileType = text.plist.xml; path = Info.plist; sourceTree = "<group>"; };
		26D5431B2FAEC4AC00BA9AF8 /* Batty Beta.app */ = {isa = PBXFileReference; explicitFileType = wrapper.application; includeInIndex = 0; path = "Batty Beta.app"; sourceTree = BUILT_PRODUCTS_DIR; };
		26D543282FAEC4AD00BA9AF8 /* BattyTests.xctest */ = {isa = PBXFileReference; explicitFileType = wrapper.cfbundle; includeInIndex = 0; path = BattyTests.xctest; sourceTree = BUILT_PRODUCTS_DIR; };
		26D543322FAEC4AD00BA9AF8 /* BattyUITests.xctest */ = {isa = PBXFileReference; explicitFileType = wrapper.cfbundle; includeInIndex = 0; path = BattyUITests.xctest; sourceTree = BUILT_PRODUCTS_DIR; };
		26D543522FAEC88B00BA9AF8 /* Build.xcconfig */ = {isa = PBXFileReference; lastKnownFileType = text.xcconfig; path = Build.xcconfig; sourceTree = "<group>"; };
		26D543A42FAEC4AD00BA9AF8 /* AppBeta.xcconfig */ = {isa = PBXFileReference; lastKnownFileType = text.xcconfig; path = AppBeta.xcconfig; sourceTree = "<group>"; };
/* End PBXFileReference section */

/* Begin PBXFileSystemSynchronizedRootGroup section */
		26D5431D2FAEC4AC00BA9AF8 /* Batty */ = {
			isa = PBXFileSystemSynchronizedRootGroup;
			path = Batty;
			sourceTree = "<group>";
		};
		26D5432B2FAEC4AD00BA9AF8 /* BattyTests */ = {
			isa = PBXFileSystemSynchronizedRootGroup;
			path = BattyTests;
			sourceTree = "<group>";
		};
		26D543352FAEC4AD00BA9AF8 /* BattyUITests */ = {
			isa = PBXFileSystemSynchronizedRootGroup;
			path = BattyUITests;
			sourceTree = "<group>";
		};
/* End PBXFileSystemSynchronizedRootGroup section */

/* Begin PBXFrameworksBuildPhase section */
		26D543182FAEC4AC00BA9AF8 /* Frameworks */ = {
			isa = PBXFrameworksBuildPhase;
			buildActionMask = 2147483647;
			files = (
				26AA00010000000000000001 /* BattyKit in Frameworks */,
			);
			runOnlyForDeploymentPostprocessing = 0;
		};
		26D543252FAEC4AD00BA9AF8 /* Frameworks */ = {
			isa = PBXFrameworksBuildPhase;
			buildActionMask = 2147483647;
			files = (
			);
			runOnlyForDeploymentPostprocessing = 0;
		};
		26D5432F2FAEC4AD00BA9AF8 /* Frameworks */ = {
			isa = PBXFrameworksBuildPhase;
			buildActionMask = 2147483647;
			files = (
			);
			runOnlyForDeploymentPostprocessing = 0;
		};
/* End PBXFrameworksBuildPhase section */

/* Begin PBXGroup section */
		26D543122FAEC4AC00BA9AF8 = {
			isa = PBXGroup;
			children = (
				26D543512FAEC88300BA9AF8 /* Configuration */,
				26D5431D2FAEC4AC00BA9AF8 /* Batty */,
				26D5432B2FAEC4AD00BA9AF8 /* BattyTests */,
				26D543352FAEC4AD00BA9AF8 /* BattyUITests */,
				26D5431C2FAEC4AC00BA9AF8 /* Products */,
			);
			sourceTree = "<group>";
		};
		26D5431C2FAEC4AC00BA9AF8 /* Products */ = {
			isa = PBXGroup;
			children = (
				26D5431B2FAEC4AC00BA9AF8 /* Batty Beta.app */,
				26D543282FAEC4AD00BA9AF8 /* BattyTests.xctest */,
				26D543322FAEC4AD00BA9AF8 /* BattyUITests.xctest */,
			);
			name = Products;
			sourceTree = "<group>";
		};
		26D543512FAEC88300BA9AF8 /* Configuration */ = {
			isa = PBXGroup;
			children = (
				26863F7A2FBD83D700A3A939 /* Beta.xcconfig */,
				26863F7B2FBD83D700A3A939 /* Prod.xcconfig */,
				26A324062FB5943B0088AE9A /* Info.plist */,
				26D543522FAEC88B00BA9AF8 /* Build.xcconfig */,
				26A324032FB591FA0088AE9A /* App.xcconfig */,
				26D543A42FAEC4AD00BA9AF8 /* AppBeta.xcconfig */,
			);
			path = Configuration;
			sourceTree = "<group>";
		};
/* End PBXGroup section */

/* Begin PBXNativeTarget section */
		26D5431A2FAEC4AC00BA9AF8 /* Batty */ = {
			isa = PBXNativeTarget;
			buildConfigurationList = 26D5433C2FAEC4AD00BA9AF8 /* Build configuration list for PBXNativeTarget "Batty" */;
			buildPhases = (
				26D543172FAEC4AC00BA9AF8 /* Sources */,
				26D543182FAEC4AC00BA9AF8 /* Frameworks */,
				26D543192FAEC4AC00BA9AF8 /* Resources */,
				26B100010000000000000001 /* Bundle Ghostty Resources */,
			);
			buildRules = (
			);
			dependencies = (
			);
			fileSystemSynchronizedGroups = (
				26D5431D2FAEC4AC00BA9AF8 /* Batty */,
			);
			name = Batty;
			packageProductDependencies = (
				26AA00010000000000000002 /* BattyKit */,
			);
			productName = Batty;
			productReference = 26D5431B2FAEC4AC00BA9AF8 /* Batty Beta.app */;
			productType = "com.apple.product-type.application";
		};
		26D543272FAEC4AD00BA9AF8 /* BattyTests */ = {
			isa = PBXNativeTarget;
			buildConfigurationList = 26D5433F2FAEC4AD00BA9AF8 /* Build configuration list for PBXNativeTarget "BattyTests" */;
			buildPhases = (
				26D543242FAEC4AD00BA9AF8 /* Sources */,
				26D543252FAEC4AD00BA9AF8 /* Frameworks */,
				26D543262FAEC4AD00BA9AF8 /* Resources */,
			);
			buildRules = (
			);
			dependencies = (
				26D5432A2FAEC4AD00BA9AF8 /* PBXTargetDependency */,
			);
			fileSystemSynchronizedGroups = (
				26D5432B2FAEC4AD00BA9AF8 /* BattyTests */,
			);
			name = BattyTests;
			packageProductDependencies = (
			);
			productName = BattyTests;
			productReference = 26D543282FAEC4AD00BA9AF8 /* BattyTests.xctest */;
			productType = "com.apple.product-type.bundle.unit-test";
		};
		26D543312FAEC4AD00BA9AF8 /* BattyUITests */ = {
			isa = PBXNativeTarget;
			buildConfigurationList = 26D543422FAEC4AD00BA9AF8 /* Build configuration list for PBXNativeTarget "BattyUITests" */;
			buildPhases = (
				26D5432E2FAEC4AD00BA9AF8 /* Sources */,
				26D5432F2FAEC4AD00BA9AF8 /* Frameworks */,
				26D543302FAEC4AD00BA9AF8 /* Resources */,
			);
			buildRules = (
			);
			dependencies = (
				26D543342FAEC4AD00BA9AF8 /* PBXTargetDependency */,
			);
			fileSystemSynchronizedGroups = (
				26D543352FAEC4AD00BA9AF8 /* BattyUITests */,
			);
			name = BattyUITests;
			packageProductDependencies = (
			);
			productName = BattyUITests;
			productReference = 26D543322FAEC4AD00BA9AF8 /* BattyUITests.xctest */;
			productType = "com.apple.product-type.bundle.ui-testing";
		};
/* End PBXNativeTarget section */

/* Begin PBXProject section */
		26D543132FAEC4AC00BA9AF8 /* Project object */ = {
			isa = PBXProject;
			attributes = {
				BuildIndependentTargetsInParallel = 1;
				LastSwiftUpdateCheck = 2640;
				LastUpgradeCheck = 2640;
				TargetAttributes = {
					26D5431A2FAEC4AC00BA9AF8 = {
						CreatedOnToolsVersion = 26.4.1;
					};
					26D543272FAEC4AD00BA9AF8 = {
						CreatedOnToolsVersion = 26.4.1;
						TestTargetID = 26D5431A2FAEC4AC00BA9AF8;
					};
					26D543312FAEC4AD00BA9AF8 = {
						CreatedOnToolsVersion = 26.4.1;
						TestTargetID = 26D5431A2FAEC4AC00BA9AF8;
					};
				};
			};
			buildConfigurationList = 26D543162FAEC4AC00BA9AF8 /* Build configuration list for PBXProject "Batty" */;
			developmentRegion = en;
			hasScannedForEncodings = 0;
			knownRegions = (
				en,
				Base,
			);
			mainGroup = 26D543122FAEC4AC00BA9AF8;
			minimizedProjectReferenceProxies = 1;
			packageReferences = (
				26D543572FAED3F400BA9AF8 /* XCLocalSwiftPackageReference "BattyKit" */,
			);
			preferredProjectObjectVersion = 77;
			productRefGroup = 26D5431C2FAEC4AC00BA9AF8 /* Products */;
			projectDirPath = "";
			projectRoot = "";
			targets = (
				26D5431A2FAEC4AC00BA9AF8 /* Batty */,
				26D543272FAEC4AD00BA9AF8 /* BattyTests */,
				26D543312FAEC4AD00BA9AF8 /* BattyUITests */,
			);
		};
/* End PBXProject section */

/* Begin PBXResourcesBuildPhase section */
		26D543192FAEC4AC00BA9AF8 /* Resources */ = {
			isa = PBXResourcesBuildPhase;
			buildActionMask = 2147483647;
			files = (
			);
			runOnlyForDeploymentPostprocessing = 0;
		};
		26D543262FAEC4AD00BA9AF8 /* Resources */ = {
			isa = PBXResourcesBuildPhase;
			buildActionMask = 2147483647;
			files = (
			);
			runOnlyForDeploymentPostprocessing = 0;
		};
		26D543302FAEC4AD00BA9AF8 /* Resources */ = {
			isa = PBXResourcesBuildPhase;
			buildActionMask = 2147483647;
			files = (
			);
			runOnlyForDeploymentPostprocessing = 0;
		};
/* End PBXResourcesBuildPhase section */

/* Begin PBXShellScriptBuildPhase section */
		26B100010000000000000001 /* Bundle Ghostty Resources */ = {
			isa = PBXShellScriptBuildPhase;
			alwaysOutOfDate = 1;
			buildActionMask = 2147483647;
			files = (
			);
			inputFileListPaths = (
			);
			inputPaths = (
				"$(SRCROOT)/scripts/bundle-ghostty-resources.sh",
				"$(SRCROOT)/Resources/ghostty-runtime",
			);
			name = "Bundle Ghostty Resources";
			outputFileListPaths = (
			);
			outputPaths = (
				"$(TARGET_BUILD_DIR)/$(UNLOCALIZED_RESOURCES_FOLDER_PATH)/terminfo/78/xterm-ghostty",
			);
			runOnlyForDeploymentPostprocessing = 0;
			shellPath = /bin/zsh;
			shellScript = "\"$SRCROOT/scripts/bundle-ghostty-resources.sh\"\n";
		};
/* End PBXShellScriptBuildPhase section */

/* Begin PBXSourcesBuildPhase section */
		26D543172FAEC4AC00BA9AF8 /* Sources */ = {
			isa = PBXSourcesBuildPhase;
			buildActionMask = 2147483647;
			files = (
			);
			runOnlyForDeploymentPostprocessing = 0;
		};
		26D543242FAEC4AD00BA9AF8 /* Sources */ = {
			isa = PBXSourcesBuildPhase;
			buildActionMask = 2147483647;
			files = (
			);
			runOnlyForDeploymentPostprocessing = 0;
		};
		26D5432E2FAEC4AD00BA9AF8 /* Sources */ = {
			isa = PBXSourcesBuildPhase;
			buildActionMask = 2147483647;
			files = (
			);
			runOnlyForDeploymentPostprocessing = 0;
		};
/* End PBXSourcesBuildPhase section */

/* Begin PBXTargetDependency section */
		26D5432A2FAEC4AD00BA9AF8 /* PBXTargetDependency */ = {
			isa = PBXTargetDependency;
			target = 26D5431A2FAEC4AC00BA9AF8 /* Batty */;
			targetProxy = 26D543292FAEC4AD00BA9AF8 /* PBXContainerItemProxy */;
		};
		26D543342FAEC4AD00BA9AF8 /* PBXTargetDependency */ = {
			isa = PBXTargetDependency;
			target = 26D5431A2FAEC4AC00BA9AF8 /* Batty */;
			targetProxy = 26D543332FAEC4AD00BA9AF8 /* PBXContainerItemProxy */;
		};
/* End PBXTargetDependency section */

/* Begin XCBuildConfiguration section */
		26D5433A2FAEC4AD00BA9AF8 /* Debug */ = {
			isa = XCBuildConfiguration;
			baseConfigurationReference = 26D543522FAEC88B00BA9AF8 /* Build.xcconfig */;
			buildSettings = {
				ALWAYS_SEARCH_USER_PATHS = NO;
				ASSETCATALOG_COMPILER_GENERATE_SWIFT_ASSET_SYMBOL_EXTENSIONS = YES;
				CLANG_ANALYZER_NONNULL = YES;
				CLANG_ANALYZER_NUMBER_OBJECT_CONVERSION = YES_AGGRESSIVE;
				CLANG_CXX_LANGUAGE_STANDARD = "gnu++20";
				CLANG_ENABLE_MODULES = YES;
				CLANG_ENABLE_OBJC_ARC = YES;
				CLANG_ENABLE_OBJC_WEAK = YES;
				CLANG_WARN_BLOCK_CAPTURE_AUTORELEASING = YES;
				CLANG_WARN_BOOL_CONVERSION = YES;
				CLANG_WARN_COMMA = YES;
				CLANG_WARN_CONSTANT_CONVERSION = YES;
				CLANG_WARN_DEPRECATED_OBJC_IMPLEMENTATIONS = YES;
				CLANG_WARN_DIRECT_OBJC_ISA_USAGE = YES_ERROR;
				CLANG_WARN_DOCUMENTATION_COMMENTS = YES;
				CLANG_WARN_EMPTY_BODY = YES;
				CLANG_WARN_ENUM_CONVERSION = YES;
				CLANG_WARN_INFINITE_RECURSION = YES;
				CLANG_WARN_INT_CONVERSION = YES;
				CLANG_WARN_NON_LITERAL_NULL_CONVERSION = YES;
				CLANG_WARN_OBJC_IMPLICIT_RETAIN_SELF = YES;
				CLANG_WARN_OBJC_LITERAL_CONVERSION = YES;
				CLANG_WARN_OBJC_ROOT_CLASS = YES_ERROR;
				CLANG_WARN_QUOTED_INCLUDE_IN_FRAMEWORK_HEADER = YES;
				CLANG_WARN_RANGE_LOOP_ANALYSIS = YES;
				CLANG_WARN_STRICT_PROTOTYPES = YES;
				CLANG_WARN_SUSPICIOUS_MOVE = YES;
				CLANG_WARN_UNGUARDED_AVAILABILITY = YES_AGGRESSIVE;
				CLANG_WARN_UNREACHABLE_CODE = YES;
				CLANG_WARN__DUPLICATE_METHOD_MATCH = YES;
				COPY_PHASE_STRIP = NO;
				DEBUG_INFORMATION_FORMAT = dwarf;
				ENABLE_STRICT_OBJC_MSGSEND = YES;
				ENABLE_TESTABILITY = YES;
				ENABLE_USER_SCRIPT_SANDBOXING = YES;
				GCC_C_LANGUAGE_STANDARD = gnu17;
				GCC_DYNAMIC_NO_PIC = NO;
				GCC_NO_COMMON_BLOCKS = YES;
				GCC_OPTIMIZATION_LEVEL = 0;
				GCC_PREPROCESSOR_DEFINITIONS = (
					"DEBUG=1",
					"$(inherited)",
				);
				GCC_WARN_64_TO_32_BIT_CONVERSION = YES;
				GCC_WARN_ABOUT_RETURN_TYPE = YES_ERROR;
				GCC_WARN_UNDECLARED_SELECTOR = YES;
				GCC_WARN_UNINITIALIZED_AUTOS = YES_AGGRESSIVE;
				GCC_WARN_UNUSED_FUNCTION = YES;
				GCC_WARN_UNUSED_VARIABLE = YES;
				LOCALIZATION_PREFERS_STRING_CATALOGS = YES;
				MTL_ENABLE_DEBUG_INFO = INCLUDE_SOURCE;
				MTL_FAST_MATH = YES;
				ONLY_ACTIVE_ARCH = YES;
				SWIFT_ACTIVE_COMPILATION_CONDITIONS = "DEBUG $(inherited)";
				SWIFT_OPTIMIZATION_LEVEL = "-Onone";
			};
			name = Debug;
		};
		26D5433B2FAEC4AD00BA9AF8 /* Release */ = {
			isa = XCBuildConfiguration;
			baseConfigurationReference = 26D543522FAEC88B00BA9AF8 /* Build.xcconfig */;
			buildSettings = {
				ALWAYS_SEARCH_USER_PATHS = NO;
				ASSETCATALOG_COMPILER_GENERATE_SWIFT_ASSET_SYMBOL_EXTENSIONS = YES;
				CLANG_ANALYZER_NONNULL = YES;
				CLANG_ANALYZER_NUMBER_OBJECT_CONVERSION = YES_AGGRESSIVE;
				CLANG_CXX_LANGUAGE_STANDARD = "gnu++20";
				CLANG_ENABLE_MODULES = YES;
				CLANG_ENABLE_OBJC_ARC = YES;
				CLANG_ENABLE_OBJC_WEAK = YES;
				CLANG_WARN_BLOCK_CAPTURE_AUTORELEASING = YES;
				CLANG_WARN_BOOL_CONVERSION = YES;
				CLANG_WARN_COMMA = YES;
				CLANG_WARN_CONSTANT_CONVERSION = YES;
				CLANG_WARN_DEPRECATED_OBJC_IMPLEMENTATIONS = YES;
				CLANG_WARN_DIRECT_OBJC_ISA_USAGE = YES_ERROR;
				CLANG_WARN_DOCUMENTATION_COMMENTS = YES;
				CLANG_WARN_EMPTY_BODY = YES;
				CLANG_WARN_ENUM_CONVERSION = YES;
				CLANG_WARN_INFINITE_RECURSION = YES;
				CLANG_WARN_INT_CONVERSION = YES;
				CLANG_WARN_NON_LITERAL_NULL_CONVERSION = YES;
				CLANG_WARN_OBJC_IMPLICIT_RETAIN_SELF = YES;
				CLANG_WARN_OBJC_LITERAL_CONVERSION = YES;
				CLANG_WARN_OBJC_ROOT_CLASS = YES_ERROR;
				CLANG_WARN_QUOTED_INCLUDE_IN_FRAMEWORK_HEADER = YES;
				CLANG_WARN_RANGE_LOOP_ANALYSIS = YES;
				CLANG_WARN_STRICT_PROTOTYPES = YES;
				CLANG_WARN_SUSPICIOUS_MOVE = YES;
				CLANG_WARN_UNGUARDED_AVAILABILITY = YES_AGGRESSIVE;
				CLANG_WARN_UNREACHABLE_CODE = YES;
				CLANG_WARN__DUPLICATE_METHOD_MATCH = YES;
				COPY_PHASE_STRIP = NO;
				DEBUG_INFORMATION_FORMAT = "dwarf-with-dsym";
				ENABLE_NS_ASSERTIONS = NO;
				ENABLE_STRICT_OBJC_MSGSEND = YES;
				ENABLE_USER_SCRIPT_SANDBOXING = YES;
				GCC_C_LANGUAGE_STANDARD = gnu17;
				GCC_NO_COMMON_BLOCKS = YES;
				GCC_WARN_64_TO_32_BIT_CONVERSION = YES;
				GCC_WARN_ABOUT_RETURN_TYPE = YES_ERROR;
				GCC_WARN_UNDECLARED_SELECTOR = YES;
				GCC_WARN_UNINITIALIZED_AUTOS = YES_AGGRESSIVE;
				GCC_WARN_UNUSED_FUNCTION = YES;
				GCC_WARN_UNUSED_VARIABLE = YES;
				LOCALIZATION_PREFERS_STRING_CATALOGS = YES;
				MTL_ENABLE_DEBUG_INFO = NO;
				MTL_FAST_MATH = YES;
				SWIFT_COMPILATION_MODE = wholemodule;
			};
			name = Release;
		};
		26D5433D2FAEC4AD00BA9AF8 /* Debug */ = {
			isa = XCBuildConfiguration;
			baseConfigurationReference = 26A324032FB591FA0088AE9A /* App.xcconfig */;
			buildSettings = {
				ASSETCATALOG_COMPILER_GLOBAL_ACCENT_COLOR_NAME = AccentColor;
				COMBINE_HIDPI_IMAGES = YES;
				ENABLE_HARDENED_RUNTIME = YES;
				ENABLE_PREVIEWS = YES;
				ENABLE_USER_SCRIPT_SANDBOXING = NO;
				ENABLE_USER_SELECTED_FILES = readonly;
				GENERATE_INFOPLIST_FILE = NO;
				LD_RUNPATH_SEARCH_PATHS = (
					"$(inherited)",
					"@executable_path/../Frameworks",
				);
				REGISTER_APP_GROUPS = YES;
				STRING_CATALOG_GENERATE_SYMBOLS = YES;
				SWIFT_EMIT_LOC_STRINGS = YES;
			};
			name = Debug;
		};
		26D5433E2FAEC4AD00BA9AF8 /* Release */ = {
			isa = XCBuildConfiguration;
			baseConfigurationReference = 26A324032FB591FA0088AE9A /* App.xcconfig */;
			buildSettings = {
				ASSETCATALOG_COMPILER_GLOBAL_ACCENT_COLOR_NAME = AccentColor;
				COMBINE_HIDPI_IMAGES = YES;
				ENABLE_HARDENED_RUNTIME = YES;
				ENABLE_PREVIEWS = YES;
				ENABLE_USER_SCRIPT_SANDBOXING = NO;
				ENABLE_USER_SELECTED_FILES = readonly;
				GENERATE_INFOPLIST_FILE = NO;
				LD_RUNPATH_SEARCH_PATHS = (
					"$(inherited)",
					"@executable_path/../Frameworks",
				);
				REGISTER_APP_GROUPS = YES;
				STRING_CATALOG_GENERATE_SYMBOLS = YES;
				SWIFT_EMIT_LOC_STRINGS = YES;
			};
			name = Release;
		};
		26D543402FAEC4AD00BA9AF8 /* Debug */ = {
			isa = XCBuildConfiguration;
			buildSettings = {
				BUNDLE_LOADER = "$(TEST_HOST)";
				GENERATE_INFOPLIST_FILE = YES;
				PRODUCT_BUNDLE_IDENTIFIER = "$(PRODUCT_BUNDLE_IDENTIFIER)Tests";
				PRODUCT_NAME = "$(TARGET_NAME)";
				STRING_CATALOG_GENERATE_SYMBOLS = NO;
				SWIFT_APPROACHABLE_CONCURRENCY = NO;
				SWIFT_EMIT_LOC_STRINGS = NO;
				TEST_HOST = "$(BUILT_PRODUCTS_DIR)/Batty.app/$(BUNDLE_EXECUTABLE_FOLDER_PATH)/Batty";
			};
			name = Debug;
		};
		26D543412FAEC4AD00BA9AF8 /* Release */ = {
			isa = XCBuildConfiguration;
			buildSettings = {
				BUNDLE_LOADER = "$(TEST_HOST)";
				GENERATE_INFOPLIST_FILE = YES;
				PRODUCT_BUNDLE_IDENTIFIER = "$(PRODUCT_BUNDLE_IDENTIFIER)Tests";
				PRODUCT_NAME = "$(TARGET_NAME)";
				STRING_CATALOG_GENERATE_SYMBOLS = NO;
				SWIFT_APPROACHABLE_CONCURRENCY = NO;
				SWIFT_EMIT_LOC_STRINGS = NO;
				TEST_HOST = "$(BUILT_PRODUCTS_DIR)/Batty.app/$(BUNDLE_EXECUTABLE_FOLDER_PATH)/Batty";
			};
			name = Release;
		};
		26D543432FAEC4AD00BA9AF8 /* Debug */ = {
			isa = XCBuildConfiguration;
			buildSettings = {
				GENERATE_INFOPLIST_FILE = YES;
				PRODUCT_BUNDLE_IDENTIFIER = "$(PRODUCT_BUNDLE_IDENTIFIER)Tests";
				PRODUCT_NAME = "$(TARGET_NAME)";
				STRING_CATALOG_GENERATE_SYMBOLS = NO;
				SWIFT_APPROACHABLE_CONCURRENCY = NO;
				SWIFT_EMIT_LOC_STRINGS = NO;
				TEST_TARGET_NAME = Batty;
			};
			name = Debug;
		};
		26D543442FAEC4AD00BA9AF8 /* Release */ = {
			isa = XCBuildConfiguration;
			buildSettings = {
				GENERATE_INFOPLIST_FILE = YES;
				PRODUCT_BUNDLE_IDENTIFIER = "$(PRODUCT_BUNDLE_IDENTIFIER)Tests";
				PRODUCT_NAME = "$(TARGET_NAME)";
				STRING_CATALOG_GENERATE_SYMBOLS = NO;
				SWIFT_APPROACHABLE_CONCURRENCY = NO;
				SWIFT_EMIT_LOC_STRINGS = NO;
				TEST_TARGET_NAME = Batty;
			};
			name = Release;
		};
		26D543A02FAEC4AD00BA9AF8 /* Beta Debug */ = {
			isa = XCBuildConfiguration;
			baseConfigurationReference = 26D543522FAEC88B00BA9AF8 /* Build.xcconfig */;
			buildSettings = {
				ALWAYS_SEARCH_USER_PATHS = NO;
				ASSETCATALOG_COMPILER_GENERATE_SWIFT_ASSET_SYMBOL_EXTENSIONS = YES;
				CLANG_ANALYZER_NONNULL = YES;
				CLANG_ANALYZER_NUMBER_OBJECT_CONVERSION = YES_AGGRESSIVE;
				CLANG_CXX_LANGUAGE_STANDARD = "gnu++20";
				CLANG_ENABLE_MODULES = YES;
				CLANG_ENABLE_OBJC_ARC = YES;
				CLANG_ENABLE_OBJC_WEAK = YES;
				CLANG_WARN_BLOCK_CAPTURE_AUTORELEASING = YES;
				CLANG_WARN_BOOL_CONVERSION = YES;
				CLANG_WARN_COMMA = YES;
				CLANG_WARN_CONSTANT_CONVERSION = YES;
				CLANG_WARN_DEPRECATED_OBJC_IMPLEMENTATIONS = YES;
				CLANG_WARN_DIRECT_OBJC_ISA_USAGE = YES_ERROR;
				CLANG_WARN_DOCUMENTATION_COMMENTS = YES;
				CLANG_WARN_EMPTY_BODY = YES;
				CLANG_WARN_ENUM_CONVERSION = YES;
				CLANG_WARN_INFINITE_RECURSION = YES;
				CLANG_WARN_INT_CONVERSION = YES;
				CLANG_WARN_NON_LITERAL_NULL_CONVERSION = YES;
				CLANG_WARN_OBJC_IMPLICIT_RETAIN_SELF = YES;
				CLANG_WARN_OBJC_LITERAL_CONVERSION = YES;
				CLANG_WARN_OBJC_ROOT_CLASS = YES_ERROR;
				CLANG_WARN_QUOTED_INCLUDE_IN_FRAMEWORK_HEADER = YES;
				CLANG_WARN_RANGE_LOOP_ANALYSIS = YES;
				CLANG_WARN_STRICT_PROTOTYPES = YES;
				CLANG_WARN_SUSPICIOUS_MOVE = YES;
				CLANG_WARN_UNGUARDED_AVAILABILITY = YES_AGGRESSIVE;
				CLANG_WARN_UNREACHABLE_CODE = YES;
				CLANG_WARN__DUPLICATE_METHOD_MATCH = YES;
				COPY_PHASE_STRIP = NO;
				DEBUG_INFORMATION_FORMAT = dwarf;
				ENABLE_STRICT_OBJC_MSGSEND = YES;
				ENABLE_TESTABILITY = YES;
				ENABLE_USER_SCRIPT_SANDBOXING = YES;
				GCC_C_LANGUAGE_STANDARD = gnu17;
				GCC_DYNAMIC_NO_PIC = NO;
				GCC_NO_COMMON_BLOCKS = YES;
				GCC_OPTIMIZATION_LEVEL = 0;
				GCC_PREPROCESSOR_DEFINITIONS = (
					"DEBUG=1",
					"$(inherited)",
				);
				GCC_WARN_64_TO_32_BIT_CONVERSION = YES;
				GCC_WARN_ABOUT_RETURN_TYPE = YES_ERROR;
				GCC_WARN_UNDECLARED_SELECTOR = YES;
				GCC_WARN_UNINITIALIZED_AUTOS = YES_AGGRESSIVE;
				GCC_WARN_UNUSED_FUNCTION = YES;
				GCC_WARN_UNUSED_VARIABLE = YES;
				LOCALIZATION_PREFERS_STRING_CATALOGS = YES;
				MTL_ENABLE_DEBUG_INFO = INCLUDE_SOURCE;
				MTL_FAST_MATH = YES;
				ONLY_ACTIVE_ARCH = YES;
				SWIFT_ACTIVE_COMPILATION_CONDITIONS = "DEBUG $(inherited)";
				SWIFT_OPTIMIZATION_LEVEL = "-Onone";
			};
			name = "Beta Debug";
		};
		26D543A12FAEC4AD00BA9AF8 /* Beta Debug */ = {
			isa = XCBuildConfiguration;
			baseConfigurationReference = 26D543A42FAEC4AD00BA9AF8 /* AppBeta.xcconfig */;
			buildSettings = {
				ASSETCATALOG_COMPILER_GLOBAL_ACCENT_COLOR_NAME = AccentColor;
				COMBINE_HIDPI_IMAGES = YES;
				ENABLE_HARDENED_RUNTIME = YES;
				ENABLE_PREVIEWS = YES;
				ENABLE_USER_SCRIPT_SANDBOXING = NO;
				ENABLE_USER_SELECTED_FILES = readonly;
				GENERATE_INFOPLIST_FILE = NO;
				LD_RUNPATH_SEARCH_PATHS = (
					"$(inherited)",
					"@executable_path/../Frameworks",
				);
				REGISTER_APP_GROUPS = YES;
				STRING_CATALOG_GENERATE_SYMBOLS = YES;
				SWIFT_EMIT_LOC_STRINGS = YES;
			};
			name = "Beta Debug";
		};
		26D543A22FAEC4AD00BA9AF8 /* Beta Debug */ = {
			isa = XCBuildConfiguration;
			buildSettings = {
				BUNDLE_LOADER = "$(TEST_HOST)";
				GENERATE_INFOPLIST_FILE = YES;
				PRODUCT_BUNDLE_IDENTIFIER = "$(PRODUCT_BUNDLE_IDENTIFIER)Tests";
				PRODUCT_NAME = "$(TARGET_NAME)";
				STRING_CATALOG_GENERATE_SYMBOLS = NO;
				SWIFT_APPROACHABLE_CONCURRENCY = NO;
				SWIFT_EMIT_LOC_STRINGS = NO;
				TEST_HOST = "$(BUILT_PRODUCTS_DIR)/Batty Beta.app/$(BUNDLE_EXECUTABLE_FOLDER_PATH)/Batty Beta";
			};
			name = "Beta Debug";
		};
		26D543A32FAEC4AD00BA9AF8 /* Beta Debug */ = {
			isa = XCBuildConfiguration;
			buildSettings = {
				GENERATE_INFOPLIST_FILE = YES;
				PRODUCT_BUNDLE_IDENTIFIER = "$(PRODUCT_BUNDLE_IDENTIFIER)Tests";
				PRODUCT_NAME = "$(TARGET_NAME)";
				STRING_CATALOG_GENERATE_SYMBOLS = NO;
				SWIFT_APPROACHABLE_CONCURRENCY = NO;
				SWIFT_EMIT_LOC_STRINGS = NO;
				TEST_TARGET_NAME = Batty;
			};
			name = "Beta Debug";
		};
/* End XCBuildConfiguration section */

/* Begin XCConfigurationList section */
		26D543162FAEC4AC00BA9AF8 /* Build configuration list for PBXProject "Batty" */ = {
			isa = XCConfigurationList;
			buildConfigurations = (
				26D5433A2FAEC4AD00BA9AF8 /* Debug */,
				26D5433B2FAEC4AD00BA9AF8 /* Release */,
				26D543A02FAEC4AD00BA9AF8 /* Beta Debug */,
			);
			defaultConfigurationIsVisible = 0;
			defaultConfigurationName = Release;
		};
		26D5433C2FAEC4AD00BA9AF8 /* Build configuration list for PBXNativeTarget "Batty" */ = {
			isa = XCConfigurationList;
			buildConfigurations = (
				26D5433D2FAEC4AD00BA9AF8 /* Debug */,
				26D5433E2FAEC4AD00BA9AF8 /* Release */,
				26D543A12FAEC4AD00BA9AF8 /* Beta Debug */,
			);
			defaultConfigurationIsVisible = 0;
			defaultConfigurationName = Release;
		};
		26D5433F2FAEC4AD00BA9AF8 /* Build configuration list for PBXNativeTarget "BattyTests" */ = {
			isa = XCConfigurationList;
			buildConfigurations = (
				26D543402FAEC4AD00BA9AF8 /* Debug */,
				26D543412FAEC4AD00BA9AF8 /* Release */,
				26D543A22FAEC4AD00BA9AF8 /* Beta Debug */,
			);
			defaultConfigurationIsVisible = 0;
			defaultConfigurationName = Release;
		};
		26D543422FAEC4AD00BA9AF8 /* Build configuration list for PBXNativeTarget "BattyUITests" */ = {
			isa = XCConfigurationList;
			buildConfigurations = (
				26D543432FAEC4AD00BA9AF8 /* Debug */,
				26D543442FAEC4AD00BA9AF8 /* Release */,
				26D543A32FAEC4AD00BA9AF8 /* Beta Debug */,
			);
			defaultConfigurationIsVisible = 0;
			defaultConfigurationName = Release;
		};
/* End XCConfigurationList section */

/* Begin XCLocalSwiftPackageReference section */
		26D543572FAED3F400BA9AF8 /* XCLocalSwiftPackageReference "BattyKit" */ = {
			isa = XCLocalSwiftPackageReference;
			relativePath = BattyKit;
		};
/* End XCLocalSwiftPackageReference section */

/* Begin XCSwiftPackageProductDependency section */
		26AA00010000000000000002 /* BattyKit */ = {
			isa = XCSwiftPackageProductDependency;
			productName = BattyKit;
		};
/* End XCSwiftPackageProductDependency section */
	};
	rootObject = 26D543132FAEC4AC00BA9AF8 /* Project object */;
}
